{
  "name": "ihuyi106",
  "version": "0.0.2",
  "lockfileVersion": 1,
  "requires": true,
  "dependencies": {
    "address": {
      "version": "1.0.3",
      "resolved": "https://registry.npmjs.org/address/-/address-1.0.3.tgz",
      "integrity": "sha512-z55ocwKBRLryBs394Sm3ushTtBeg6VAeuku7utSoSnsJKvKcnXFIyC6vh27n3rXyxSgkJBBCAvyOn7gSUcTYjg=="
    },
    "iconv-lite": {
      "version": "0.2.11",
      "resolved": "http://registry.npmjs.org/iconv-lite/-/iconv-lite-0.2.11.tgz",
      "integrity": "sha1-HOYKOleGSiktEyH/RgnKS7llrcg="
    },
    "spidex": {
      "version": "1.0.8",
      "resolved": "https://registry.npmjs.org/spidex/-/spidex-1.0.8.tgz",
      "integrity": "sha1-xQBmpdfCXTry7uNattBPAgVkb3c=",
      "requires": {
        "iconv-lite": "~0.2.11",
        "sugar": "~1.4.1",
        "urlencode": "~0.2.0"
      }
    },
    "sugar": {
      "version": "1.4.1",
      "resolved": "http://registry.npmjs.org/sugar/-/sugar-1.4.1.tgz",
      "integrity": "sha1-ExDU3txpnloXMYNxhUGw14RKdZg="
    },
    "urlencode": {
      "version": "0.2.0",
      "resolved": "https://registry.npmjs.org/urlencode/-/urlencode-0.2.0.tgz",
      "integrity": "sha1-BXws2Z5biqQ39CEOZJ9KXleN6vo=",
      "requires": {
        "iconv-lite": "0.2.11",
        "utility": "0.1.13"
      }
    },
    "utility": {
      "version": "0.1.13",
      "resolved": "http://registry.npmjs.org/utility/-/utility-0.1.13.tgz",
      "integrity": "sha1-GkUhW53SLbe7TjKkgYdA4Ast0BQ=",
      "requires": {
        "address": ">=0.0.1"
      }
    },
    "xmldom": {
      "version": "0.1.27",
      "resolved": "https://registry.npmjs.org/xmldom/-/xmldom-0.1.27.tgz",
      "integrity": "sha1-1QH5ezvbQDr4757MIFcxh6rawOk="
    }
  }
}
